
Microsoft Visual Studio Solution File, Format Version 12.00
# Visual Studio 2013
VisualStudioVersion = 12.0.31101.0
MinimumVisualStudioVersion = 10.0.40219.1
Project("{888888A0-9F3D-457C-B088-3A5042F75D52}") = "SDP_Group_6_VS2013_Project", "SDP_Group_6_VS2013_Project.pyproj", "{2B0CE381-CA6F-4C44-AE6F-750FC50158C3}"
EndProject
Global
	GlobalSection(SolutionConfigurationPlatforms) = preSolution
		Debug|Any CPU = Debug|Any CPU
		Release|Any CPU = Release|Any CPU
	EndGlobalSection
	GlobalSection(ProjectConfigurationPlatforms) = postSolution
		{2B0CE381-CA6F-4C44-AE6F-750FC50158C3}.Debug|Any CPU.ActiveCfg = Debug|Any CPU
		{2B0CE381-CA6F-4C44-AE6F-750FC50158C3}.Release|Any CPU.ActiveCfg = Release|Any CPU
	EndGlobalSection
	GlobalSection(SolutionProperties) = preSolution
		HideSolutionNode = FALSE
	EndGlobalSection
EndGlobal
